// !$*UTF8*$!
{
	archiveVersion = 1;
	classes = {
	};
	objectVersion = 50;
	objects = {

/* Begin PBXBuildFile section */
		CBB22D6E245BC6D700A1EC3B /* AppDelegate.swift in Sources */ = {isa = PBXBuildFile; fileRef = CBB22D6D245BC6D700A1EC3B /* AppDelegate.swift */; };
		CBB22D72245BC6D700A1EC3B /* ViewController.swift in Sources */ = {isa = PBXBuildFile; fileRef = CBB22D71245BC6D700A1EC3B /* ViewController.swift */; };
		CBB22D77245BC6DA00A1EC3B /* Assets.xcassets in Resources */ = {isa = PBXBuildFile; fileRef = CBB22D76245BC6DA00A1EC3B /* Assets.xcassets */; };
		CBB22D7A245BC6DA00A1EC3B /* LaunchScreen.storyboard in Resources */ = {isa = PBXBuildFile; fileRef = CBB22D78245BC6DA00A1EC3B /* LaunchScreen.storyboard */; };
		CBB22D83245BC99F00A1EC3B /* HNZLocationWebViewController.swift in Sources */ = {isa = PBXBuildFile; fileRef = CBB22D82245BC99F00A1EC3B /* HNZLocationWebViewController.swift */; };
		CBB22D85245BC9F500A1EC3B /* HNZLocationWebViewModel.swift in Sources */ = {isa = PBXBuildFile; fileRef = CBB22D84245BC9F500A1EC3B /* HNZLocationWebViewModel.swift */; };
		CBB22D88245BCCDE00A1EC3B /* Box.swift in Sources */ = {isa = PBXBuildFile; fileRef = CBB22D87245BCCDE00A1EC3B /* Box.swift */; };
/* End PBXBuildFile section */

/* Begin PBXFileReference section */
		CBB22D6A245BC6D700A1EC3B /* WebViewLocationAccess.app */ = {isa = PBXFileReference; explicitFileType = wrapper.application; includeInIndex = 0; path = WebViewLocationAccess.app; sourceTree = BUILT_PRODUCTS_DIR; };
		CBB22D6D245BC6D700A1EC3B /* AppDelegate.swift */ = {isa = PBXFileReference; lastKnownFileType = sourcecode.swift; path = AppDelegate.swift; sourceTree = "<group>"; };
		CBB22D71245BC6D700A1EC3B /* ViewController.swift */ = {isa = PBXFileReference; lastKnownFileType = sourcecode.swift; path = ViewController.swift; sourceTree = "<group>"; };
		CBB22D76245BC6DA00A1EC3B /* Assets.xcassets */ = {isa = PBXFileReference; lastKnownFileType = folder.assetcatalog; path = Assets.xcassets; sourceTree = "<group>"; };
		CBB22D79245BC6DA00A1EC3B /* Base */ = {isa = PBXFileReference; lastKnownFileType = file.storyboard; name = Base; path = Base.lproj/LaunchScreen.storyboard; sourceTree = "<group>"; };
		CBB22D7B245BC6DA00A1EC3B /* Info.plist */ = {isa = PBXFileReference; lastKnownFileType = text.plist.xml; path = Info.plist; sourceTree = "<group>"; };
		CBB22D82245BC99F00A1EC3B /* HNZLocationWebViewController.swift */ = {isa = PBXFileReference; lastKnownFileType = sourcecode.swift; path = HNZLocationWebViewController.swift; sourceTree = "<group>"; };
		CBB22D84245BC9F500A1EC3B /* HNZLocationWebViewModel.swift */ = {isa = PBXFileReference; lastKnownFileType = sourcecode.swift; path = HNZLocationWebViewModel.swift; sourceTree = "<group>"; };
		CBB22D87245BCCDE00A1EC3B /* Box.swift */ = {isa = PBXFileReference; lastKnownFileType = sourcecode.swift; path = Box.swift; sourceTree = "<group>"; };
/* End PBXFileReference section */

/* Begin PBXFrameworksBuildPhase section */
		CBB22D67245BC6D700A1EC3B /* Frameworks */ = {
			isa = PBXFrameworksBuildPhase;
			buildActionMask = 2147483647;
			files = (
			);
			runOnlyForDeploymentPostprocessing = 0;
		};
/* End PBXFrameworksBuildPhase section */

/* Begin PBXGroup section */
		CBB22D61245BC6D700A1EC3B = {
			isa = PBXGroup;
			children = (
				CBB22D6C245BC6D700A1EC3B /* WebViewLocationAccess */,
				CBB22D6B245BC6D700A1EC3B /* Products */,
			);
			sourceTree = "<group>";
		};
		CBB22D6B245BC6D700A1EC3B /* Products */ = {
			isa = PBXGroup;
			children = (
				CBB22D6A245BC6D700A1EC3B /* WebViewLocationAccess.app */,
			);
			name = Products;
			sourceTree = "<group>";
		};
		CBB22D6C245BC6D700A1EC3B /* WebViewLocationAccess */ = {
			isa = PBXGroup;
			children = (
				CBB22D86245BCCCF00A1EC3B /* Binding */,
				CBB22D81245BC95E00A1EC3B /* Controllers */,
				CBB22D6D245BC6D700A1EC3B /* AppDelegate.swift */,
				CBB22D71245BC6D700A1EC3B /* ViewController.swift */,
				CBB22D76245BC6DA00A1EC3B /* Assets.xcassets */,
				CBB22D78245BC6DA00A1EC3B /* LaunchScreen.storyboard */,
				CBB22D7B245BC6DA00A1EC3B /* Info.plist */,
			);
			path = WebViewLocationAccess;
			sourceTree = "<group>";
		};
		CBB22D81245BC95E00A1EC3B /* Controllers */ = {
			isa = PBXGroup;
			children = (
				CBB22D82245BC99F00A1EC3B /* HNZLocationWebViewController.swift */,
				CBB22D84245BC9F500A1EC3B /* HNZLocationWebViewModel.swift */,
			);
			path = Controllers;
			sourceTree = "<group>";
		};
		CBB22D86245BCCCF00A1EC3B /* Binding */ = {
			isa = PBXGroup;
			children = (
				CBB22D87245BCCDE00A1EC3B /* Box.swift */,
			);
			path = Binding;
			sourceTree = "<group>";
		};
/* End PBXGroup section */

/* Begin PBXNativeTarget section */
		CBB22D69245BC6D700A1EC3B /* WebViewLocationAccess */ = {
			isa = PBXNativeTarget;
			buildConfigurationList = CBB22D7E245BC6DA00A1EC3B /* Build configuration list for PBXNativeTarget "WebViewLocationAccess" */;
			buildPhases = (
				CBB22D66245BC6D700A1EC3B /* Sources */,
				CBB22D67245BC6D700A1EC3B /* Frameworks */,
				CBB22D68245BC6D700A1EC3B /* Resources */,
			);
			buildRules = (
			);
			dependencies = (
			);
			name = WebViewLocationAccess;
			productName = WebViewLocationAccess;
			productReference = CBB22D6A245BC6D700A1EC3B /* WebViewLocationAccess.app */;
			productType = "com.apple.product-type.application";
		};
/* End PBXNativeTarget section */

/* Begin PBXProject section */
		CBB22D62245BC6D700A1EC3B /* Project object */ = {
			isa = PBXProject;
			attributes = {
				CLASSPREFIX = HNZ;
				LastSwiftUpdateCheck = 1130;
				LastUpgradeCheck = 1130;
				ORGANIZATIONNAME = H;
				TargetAttributes = {
					CBB22D69245BC6D700A1EC3B = {
						CreatedOnToolsVersion = 11.3.1;
					};
				};
			};
			buildConfigurationList = CBB22D65245BC6D700A1EC3B /* Build configuration list for PBXProject "WebViewLocationAccess" */;
			compatibilityVersion = "Xcode 9.3";
			developmentRegion = en;
			hasScannedForEncodings = 0;
			knownRegions = (
				en,
				Base,
			);
			mainGroup = CBB22D61245BC6D700A1EC3B;
			productRefGroup = CBB22D6B245BC6D700A1EC3B /* Products */;
			projectDirPath = "";
			projectRoot = "";
			targets = (
				CBB22D69245BC6D700A1EC3B /* WebViewLocationAccess */,
			);
		};
/* End PBXProject section */

/* Begin PBXResourcesBuildPhase section */
		CBB22D68245BC6D700A1EC3B /* Resources */ = {
			isa = PBXResourcesBuildPhase;
			buildActionMask = 2147483647;
			files = (
				CBB22D7A245BC6DA00A1EC3B /* LaunchScreen.storyboard in Resources */,
				CBB22D77245BC6DA00A1EC3B /* Assets.xcassets in Resources */,
			);
			runOnlyForDeploymentPostprocessing = 0;
		};
/* End PBXResourcesBuildPhase section */

/* Begin PBXSourcesBuildPhase section */
		CBB22D66245BC6D700A1EC3B /* Sources */ = {
			isa = PBXSourcesBuildPhase;
			buildActionMask = 2147483647;
			files = (
				CBB22D72245BC6D700A1EC3B /* ViewController.swift in Sources */,
				CBB22D85245BC9F500A1EC3B /* HNZLocationWebViewModel.swift in Sources */,
				CBB22D6E245BC6D700A1EC3B /* AppDelegate.swift in Sources */,
				CBB22D88245BCCDE00A1EC3B /* Box.swift in Sources */,
				CBB22D83245BC99F00A1EC3B /* HNZLocationWebViewController.swift in Sources */,
			);
			runOnlyForDeploymentPostprocessing = 0;
		};
/* End PBXSourcesBuildPhase section */

/* Begin PBXVariantGroup section */
		CBB22D78245BC6DA00A1EC3B /* LaunchScreen.storyboard */ = {
			isa = PBXVariantGroup;
			children = (
				CBB22D79245BC6DA00A1EC3B /* Base */,
			);
			name = LaunchScreen.storyboard;
			sourceTree = "<group>";
		};
/* End PBXVariantGroup section */

/* Begin XCBuildConfiguration section */
		CBB22D7C245BC6DA00A1EC3B /* Debug */ = {
			isa = XCBuildConfiguration;
			buildSettings = {
				ALWAYS_SEARCH_USER_PATHS = NO;
				CLANG_ANALYZER_NONNULL = YES;
				CLANG_ANALYZER_NUMBER_OBJECT_CONVERSION = YES_AGGRESSIVE;
				CLANG_CXX_LANGUAGE_STANDARD = "gnu++14";
				CLANG_CXX_LIBRARY = "libc++";
				CLANG_ENABLE_MODULES = YES;
				CLANG_ENABLE_OBJC_ARC = YES;
				CLANG_ENABLE_OBJC_WEAK = YES;
				CLANG_WARN_BLOCK_CAPTURE_AUTORELEASING = YES;
				CLANG_WARN_BOOL_CONVERSION = YES;
				CLANG_WARN_COMMA = YES;
				CLANG_WARN_CONSTANT_CONVERSION = YES;
				CLANG_WARN_DEPRECATED_OBJC_IMPLEMENTATIONS = YES;
				CLANG_WARN_DIRECT_OBJC_ISA_USAGE = YES_ERROR;
				CLANG_WARN_DOCUMENTATION_COMMENTS = YES;
				CLANG_WARN_EMPTY_BODY = YES;
				CLANG_WARN_ENUM_CONVERSION = YES;
				CLANG_WARN_INFINITE_RECURSION = YES;
				CLANG_WARN_INT_CONVERSION = YES;
				CLANG_WARN_NON_LITERAL_NULL_CONVERSION = YES;
				CLANG_WARN_OBJC_IMPLICIT_RETAIN_SELF = YES;
				CLANG_WARN_OBJC_LITERAL_CONVERSION = YES;
				CLANG_WARN_OBJC_ROOT_CLASS = YES_ERROR;
				CLANG_WARN_RANGE_LOOP_ANALYSIS = YES;
				CLANG_WARN_STRICT_PROTOTYPES = YES;
				CLANG_WARN_SUSPICIOUS_MOVE = YES;
				CLANG_WARN_UNGUARDED_AVAILABILITY = YES_AGGRESSIVE;
				CLANG_WARN_UNREACHABLE_CODE = YES;
				CLANG_WARN__DUPLICATE_METHOD_MATCH = YES;
				COPY_PHASE_STRIP = NO;
				DEBUG_INFORMATION_FORMAT = dwarf;
				ENABLE_STRICT_OBJC_MSGSEND = YES;
				ENABLE_TESTABILITY = YES;
				GCC_C_LANGUAGE_STANDARD = gnu11;
				GCC_DYNAMIC_NO_PIC = NO;
				GCC_NO_COMMON_BLOCKS = YES;
				GCC_OPTIMIZATION_LEVEL = 0;
				GCC_PREPROCESSOR_DEFINITIONS = (
					"DEBUG=1",
					"$(inherited)",
				);
				GCC_WARN_64_TO_32_BIT_CONVERSION = YES;
				GCC_WARN_ABOUT_RETURN_TYPE = YES_ERROR;
				GCC_WARN_UNDECLARED_SELECTOR = YES;
				GCC_WARN_UNINITIALIZED_AUTOS = YES_AGGRESSIVE;
				GCC_WARN_UNUSED_FUNCTION = YES;
				GCC_WARN_UNUSED_VARIABLE = YES;
				IPHONEOS_DEPLOYMENT_TARGET = 13.2;
				MTL_ENABLE_DEBUG_INFO = INCLUDE_SOURCE;
				MTL_FAST_MATH = YES;
				ONLY_ACTIVE_ARCH = YES;
				SDKROOT = iphoneos;
				SWIFT_ACTIVE_COMPILATION_CONDITIONS = DEBUG;
				SWIFT_OPTIMIZATION_LEVEL = "-Onone";
			};
			name = Debug;
		};
		CBB22D7D245BC6DA00A1EC3B /* Release */ = {
			isa = XCBuildConfiguration;
			buildSettings = {
				ALWAYS_SEARCH_USER_PATHS = NO;
				CLANG_ANALYZER_NONNULL = YES;
				CLANG_ANALYZER_NUMBER_OBJECT_CONVERSION = YES_AGGRESSIVE;
				CLANG_CXX_LANGUAGE_STANDARD = "gnu++14";
				CLANG_CXX_LIBRARY = "libc++";
				CLANG_ENABLE_MODULES = YES;
				CLANG_ENABLE_OBJC_ARC = YES;
				CLANG_ENABLE_OBJC_WEAK = YES;
				CLANG_WARN_BLOCK_CAPTURE_AUTORELEASING = YES;
				CLANG_WARN_BOOL_CONVERSION = YES;
				CLANG_WARN_COMMA = YES;
				CLANG_WARN_CONSTANT_CONVERSION = YES;
				CLANG_WARN_DEPRECATED_OBJC_IMPLEMENTATIONS = YES;
				CLANG_WARN_DIRECT_OBJC_ISA_USAGE = YES_ERROR;
				CLANG_WARN_DOCUMENTATION_COMMENTS = YES;
				CLANG_WARN_EMPTY_BODY = YES;
				CLANG_WARN_ENUM_CONVERSION = YES;
				CLANG_WARN_INFINITE_RECURSION = YES;
				CLANG_WARN_INT_CONVERSION = YES;
				CLANG_WARN_NON_LITERAL_NULL_CONVERSION = YES;
				CLANG_WARN_OBJC_IMPLICIT_RETAIN_SELF = YES;
				CLANG_WARN_OBJC_LITERAL_CONVERSION = YES;
				CLANG_WARN_OBJC_ROOT_CLASS = YES_ERROR;
				CLANG_WARN_RANGE_LOOP_ANALYSIS = YES;
				CLANG_WARN_STRICT_PROTOTYPES = YES;
				CLANG_WARN_SUSPICIOUS_MOVE = YES;
				CLANG_WARN_UNGUARDED_AVAILABILITY = YES_AGGRESSIVE;
				CLANG_WARN_UNREACHABLE_CODE = YES;
				CLANG_WARN__DUPLICATE_METHOD_MATCH = YES;
				COPY_PHASE_STRIP = NO;
				DEBUG_INFORMATION_FORMAT = "dwarf-with-dsym";
				ENABLE_NS_ASSERTIONS = NO;
				ENABLE_STRICT_OBJC_MSGSEND = YES;
				GCC_C_LANGUAGE_STANDARD = gnu11;
				GCC_NO_COMMON_BLOCKS = YES;
				GCC_WARN_64_TO_32_BIT_CONVERSION = YES;
				GCC_WARN_ABOUT_RETURN_TYPE = YES_ERROR;
				GCC_WARN_UNDECLARED_SELECTOR = YES;
				GCC_WARN_UNINITIALIZED_AUTOS = YES_AGGRESSIVE;
				GCC_WARN_UNUSED_FUNCTION = YES;
				GCC_WARN_UNUSED_VARIABLE = YES;
				IPHONEOS_DEPLOYMENT_TARGET = 13.2;
				MTL_ENABLE_DEBUG_INFO = NO;
				MTL_FAST_MATH = YES;
				SDKROOT = iphoneos;
				SWIFT_COMPILATION_MODE = wholemodule;
				SWIFT_OPTIMIZATION_LEVEL = "-O";
				VALIDATE_PRODUCT = YES;
			};
			name = Release;
		};
		CBB22D7F245BC6DA00A1EC3B /* Debug */ = {
			isa = XCBuildConfiguration;
			buildSettings = {
				ASSETCATALOG_COMPILER_APPICON_NAME = AppIcon;
				CODE_SIGN_STYLE = Automatic;
				INFOPLIST_FILE = WebViewLocationAccess/Info.plist;
				LD_RUNPATH_SEARCH_PATHS = (
					"$(inherited)",
					"@executable_path/Frameworks",
				);
				PRODUCT_BUNDLE_IDENTIFIER = com.hnz.WebViewLocationAccess;
				PRODUCT_NAME = "$(TARGET_NAME)";
				SWIFT_VERSION = 5.0;
				TARGETED_DEVICE_FAMILY = "1,2";
			};
			name = Debug;
		};
		CBB22D80245BC6DA00A1EC3B /* Release */ = {
			isa = XCBuildConfiguration;
			buildSettings = {
				ASSETCATALOG_COMPILER_APPICON_NAME = AppIcon;
				CODE_SIGN_STYLE = Automatic;
				INFOPLIST_FILE = WebViewLocationAccess/Info.plist;
				LD_RUNPATH_SEARCH_PATHS = (
					"$(inherited)",
					"@executable_path/Frameworks",
				);
				PRODUCT_BUNDLE_IDENTIFIER = com.hnz.WebViewLocationAccess;
				PRODUCT_NAME = "$(TARGET_NAME)";
				SWIFT_VERSION = 5.0;
				TARGETED_DEVICE_FAMILY = "1,2";
			};
			name = Release;
		};
/* End XCBuildConfiguration section */

/* Begin XCConfigurationList section */
		CBB22D65245BC6D700A1EC3B /* Build configuration list for PBXProject "WebViewLocationAccess" */ = {
			isa = XCConfigurationList;
			buildConfigurations = (
				CBB22D7C245BC6DA00A1EC3B /* Debug */,
				CBB22D7D245BC6DA00A1EC3B /* Release */,
			);
			defaultConfigurationIsVisible = 0;
			defaultConfigurationName = Release;
		};
		CBB22D7E245BC6DA00A1EC3B /* Build configuration list for PBXNativeTarget "WebViewLocationAccess" */ = {
			isa = XCConfigurationList;
			buildConfigurations = (
				CBB22D7F245BC6DA00A1EC3B /* Debug */,
				CBB22D80245BC6DA00A1EC3B /* Release */,
			);
			defaultConfigurationIsVisible = 0;
			defaultConfigurationName = Release;
		};
/* End XCConfigurationList section */
	};
	rootObject = CBB22D62245BC6D700A1EC3B /* Project object */;
}
